
Microsoft Visual Studio Solution File, Format Version 12.00
# Visual Studio Version 16
VisualStudioVersion = 16.0.30204.135
MinimumVisualStudioVersion = 15.0.26124.0
Project("{9A19103F-16F7-4668-BE54-9A1E7A4F7556}") = "CliToolkit.TestApp", "CliToolkit.TestApp\CliToolkit.TestApp.csproj", "{6BC57AD4-5C79-46EC-AE34-7C1CC647E7BB}"
EndProject
Project("{2150E333-8FDC-42A3-9474-1A3956D46DE8}") = "Solution Items", "Solution Items", "{DC72EB03-C91F-422E-9C30-CA8062DA548E}"
	ProjectSection(SolutionItems) = preProject
		.gitignore = .gitignore
		CLIToolkit.Logo.png = CLIToolkit.Logo.png
		Directory.Build.props = Directory.Build.props
		LICENSE.md = LICENSE.md
		README.md = README.md
	EndProjectSection
EndProject
Project("{9A19103F-16F7-4668-BE54-9A1E7A4F7556}") = "CliToolkit.Tests", "CliToolkit.Tests\CliToolkit.Tests.csproj", "{7750A1CA-7C48-4E71-A81D-9C87CBD67FC6}"
EndProject
Project("{9A19103F-16F7-4668-BE54-9A1E7A4F7556}") = "CliToolkit", "CliToolkit\CliToolkit.csproj", "{9FCFA2D3-79DF-4E9A-8AFA-EF88B7A67CBC}"
EndProject
Global
	GlobalSection(SolutionConfigurationPlatforms) = preSolution
		Debug|Any CPU = Debug|Any CPU
		Debug|x64 = Debug|x64
		Debug|x86 = Debug|x86
		Release|Any CPU = Release|Any CPU
		Release|x64 = Release|x64
		Release|x86 = Release|x86
	EndGlobalSection
	GlobalSection(ProjectConfigurationPlatforms) = postSolution
		{6BC57AD4-5C79-46EC-AE34-7C1CC647E7BB}.Debug|Any CPU.ActiveCfg = Debug|Any CPU
		{6BC57AD4-5C79-46EC-AE34-7C1CC647E7BB}.Debug|Any CPU.Build.0 = Debug|Any CPU
		{6BC57AD4-5C79-46EC-AE34-7C1CC647E7BB}.Debug|x64.ActiveCfg = Debug|Any CPU
		{6BC57AD4-5C79-46EC-AE34-7C1CC647E7BB}.Debug|x64.Build.0 = Debug|Any CPU
		{6BC57AD4-5C79-46EC-AE34-7C1CC647E7BB}.Debug|x86.ActiveCfg = Debug|Any CPU
		{6BC57AD4-5C79-46EC-AE34-7C1CC647E7BB}.Debug|x86.Build.0 = Debug|Any CPU
		{6BC57AD4-5C79-46EC-AE34-7C1CC647E7BB}.Release|Any CPU.ActiveCfg = Release|Any CPU
		{6BC57AD4-5C79-46EC-AE34-7C1CC647E7BB}.Release|Any CPU.Build.0 = Release|Any CPU
		{6BC57AD4-5C79-46EC-AE34-7C1CC647E7BB}.Release|x64.ActiveCfg = Release|Any CPU
		{6BC57AD4-5C79-46EC-AE34-7C1CC647E7BB}.Release|x64.Build.0 = Release|Any CPU
		{6BC57AD4-5C79-46EC-AE34-7C1CC647E7BB}.Release|x86.ActiveCfg = Release|Any CPU
		{6BC57AD4-5C79-46EC-AE34-7C1CC647E7BB}.Release|x86.Build.0 = Release|Any CPU
		{7750A1CA-7C48-4E71-A81D-9C87CBD67FC6}.Debug|Any CPU.ActiveCfg = Debug|Any CPU
		{7750A1CA-7C48-4E71-A81D-9C87CBD67FC6}.Debug|Any CPU.Build.0 = Debug|Any CPU
		{7750A1CA-7C48-4E71-A81D-9C87CBD67FC6}.Debug|x64.ActiveCfg = Debug|Any CPU
		{7750A1CA-7C48-4E71-A81D-9C87CBD67FC6}.Debug|x64.Build.0 = Debug|Any CPU
		{7750A1CA-7C48-4E71-A81D-9C87CBD67FC6}.Debug|x86.ActiveCfg = Debug|Any CPU
		{7750A1CA-7C48-4E71-A81D-9C87CBD67FC6}.Debug|x86.Build.0 = Debug|Any CPU
		{7750A1CA-7C48-4E71-A81D-9C87CBD67FC6}.Release|Any CPU.ActiveCfg = Release|Any CPU
		{7750A1CA-7C48-4E71-A81D-9C87CBD67FC6}.Release|Any CPU.Build.0 = Release|Any CPU
		{7750A1CA-7C48-4E71-A81D-9C87CBD67FC6}.Release|x64.ActiveCfg = Release|Any CPU
		{7750A1CA-7C48-4E71-A81D-9C87CBD67FC6}.Release|x64.Build.0 = Release|Any CPU
		{7750A1CA-7C48-4E71-A81D-9C87CBD67FC6}.Release|x86.ActiveCfg = Release|Any CPU
		{7750A1CA-7C48-4E71-A81D-9C87CBD67FC6}.Release|x86.Build.0 = Release|Any CPU
		{9FCFA2D3-79DF-4E9A-8AFA-EF88B7A67CBC}.Debug|Any CPU.ActiveCfg = Debug|Any CPU
		{9FCFA2D3-79DF-4E9A-8AFA-EF88B7A67CBC}.Debug|Any CPU.Build.0 = Debug|Any CPU
		{9FCFA2D3-79DF-4E9A-8AFA-EF88B7A67CBC}.Debug|x64.ActiveCfg = Debug|Any CPU
		{9FCFA2D3-79DF-4E9A-8AFA-EF88B7A67CBC}.Debug|x64.Build.0 = Debug|Any CPU
		{9FCFA2D3-79DF-4E9A-8AFA-EF88B7A67CBC}.Debug|x86.ActiveCfg = Debug|Any CPU
		{9FCFA2D3-79DF-4E9A-8AFA-EF88B7A67CBC}.Debug|x86.Build.0 = Debug|Any CPU
		{9FCFA2D3-79DF-4E9A-8AFA-EF88B7A67CBC}.Release|Any CPU.ActiveCfg = Release|Any CPU
		{9FCFA2D3-79DF-4E9A-8AFA-EF88B7A67CBC}.Release|Any CPU.Build.0 = Release|Any CPU
		{9FCFA2D3-79DF-4E9A-8AFA-EF88B7A67CBC}.Release|x64.ActiveCfg = Release|Any CPU
		{9FCFA2D3-79DF-4E9A-8AFA-EF88B7A67CBC}.Release|x64.Build.0 = Release|Any CPU
		{9FCFA2D3-79DF-4E9A-8AFA-EF88B7A67CBC}.Release|x86.ActiveCfg = Release|Any CPU
		{9FCFA2D3-79DF-4E9A-8AFA-EF88B7A67CBC}.Release|x86.Build.0 = Release|Any CPU
	EndGlobalSection
	GlobalSection(SolutionProperties) = preSolution
		HideSolutionNode = FALSE
	EndGlobalSection
	GlobalSection(ExtensibilityGlobals) = postSolution
		SolutionGuid = {7AA77E41-B515-4E79-B58A-3E41B0A24E3D}
	EndGlobalSection
EndGlobal
